{
  "lib/auth/sanitizer.rb:4062610633": [
    [41, 9, 24, "ThreadSafety/ClassInstanceVariable: Avoid class instance variables.", 1746319651],
    [56, 7, 36, "ThreadSafety/ClassAndModuleAttributes: Avoid mutating class and module attributes.", 1227990202]
  ],
  "spec/auth/sanitizer/thing_filter_spec.rb:2467784065": [
    [6, 17, 20, "Performance/UnfreezeString: Use unary plus to get an unfrozen string literal.", 2372715477],
    [7, 15, 24, "Performance/UnfreezeString: Use unary plus to get an unfrozen string literal.", 683407204],
    [16, 24, 20, "Performance/UnfreezeString: Use unary plus to get an unfrozen string literal.", 2372715477],
    [17, 24, 24, "Performance/UnfreezeString: Use unary plus to get an unfrozen string literal.", 683407204]
  ]
}
