{
  "README.md:785492610": [
    [201, 1, 52, "Lint/ConstantReassignment: Constant `AUTH_SANITIZER` is already assigned in this namespace.", 1099181900],
    [251, 1, 116, "Lint/ConstantReassignment: Constant `AUTH_SANITIZER` is already assigned in this namespace.", 952987742],
    [437, 1, 52, "Lint/ConstantReassignment: Constant `AUTH_SANITIZER` is already assigned in this namespace.", 1099181900]
  ],
  "gemfiles/modular/templating.gemfile:3018447732": [
    [14, 3, 47, "Bundler/DuplicatedGem: Gem `tree_sitter_language_pack` requirements already given on line 10 of the Gemfile.", 3843603197]
  ],
  "spec/auth/sanitizer_spec.rb:1305714609": [
    [36, 16, 2, "Lint/Syntax: unexpected token tLSHFT\n(Using Ruby 2.2 parser; configure using `TargetRubyVersion` parameter, under `AllCops`)", 5859461],
    [66, 16, 2, "Lint/Syntax: unexpected token tLSHFT\n(Using Ruby 2.2 parser; configure using `TargetRubyVersion` parameter, under `AllCops`)", 5859461]
  ]
}
